
Microsoft Visual Studio Solution File, Format Version 12.00
# Visual Studio Version 17
VisualStudioVersion = 17.13.35806.99
MinimumVisualStudioVersion = 10.0.40219.1
Project("{FAE04EC0-301F-11D3-BF4B-00C04F79EFBC}") = "Windows_Calculator", "Windows_Calculator.csproj", "{2A95C4B4-D66C-4F07-A322-46C78878185B}"
EndProject
Global
	GlobalSection(SolutionConfigurationPlatforms) = preSolution
		Debug|Any CPU = Debug|Any CPU
		Release|Any CPU = Release|Any CPU
	EndGlobalSection
	GlobalSection(ProjectConfigurationPlatforms) = postSolution
		{2A95C4B4-D66C-4F07-A322-46C78878185B}.Debug|Any CPU.ActiveCfg = Debug|Any CPU
		{2A95C4B4-D66C-4F07-A322-46C78878185B}.Debug|Any CPU.Build.0 = Debug|Any CPU
		{2A95C4B4-D66C-4F07-A322-46C78878185B}.Release|Any CPU.ActiveCfg = Release|Any CPU
		{2A95C4B4-D66C-4F07-A322-46C78878185B}.Release|Any CPU.Build.0 = Release|Any CPU
	EndGlobalSection
	GlobalSection(SolutionProperties) = preSolution
		HideSolutionNode = FALSE
	EndGlobalSection
	GlobalSection(ExtensibilityGlobals) = postSolution
		SolutionGuid = {C2CF4846-BE10-488B-8BC9-2BCFB58DE910}
	EndGlobalSection
EndGlobal
